{
  "name": "github-webhooks",
  "version": "1.0.0",
  "lockfileVersion": 2,
  "requires": true,
  "packages": {
    "": {
      "version": "1.0.0",
      "license": "ISC",
      "dependencies": {
        "@octokit/webhooks": "^10.0.9",
        "config": "^3.3.7",
        "properties": "^1.2.1"
      }
    },
    "node_modules/@octokit/openapi-types": {
      "version": "12.11.0",
      "resolved": "http://nexus.dtup.sa.gov.au:8083/nexus/content/groups/npmjs-all/@octokit/openapi-types/-/openapi-types-12.11.0.tgz",
      "integrity": "sha512-VsXyi8peyRq9PqIz/tpqiL2w3w80OgVMwBHltTml3LmVvXiphgeqmY9mvBw9Wu7e0QWk/fqD37ux8yP5uVekyQ==",
      "license": "MIT"
    },
    "node_modules/@octokit/request-error": {
      "version": "3.0.0",
      "resolved": "http://nexus.dtup.sa.gov.au:8083/nexus/content/groups/npmjs-all/@octokit/request-error/-/request-error-3.0.0.tgz",
      "integrity": "sha512-WBtpzm9lR8z4IHIMtOqr6XwfkGvMOOILNLxsWvDwtzm/n7f5AWuqJTXQXdDtOvPfTDrH4TPhEvW2qMlR4JFA2w==",
      "license": "MIT",
      "dependencies": {
        "@octokit/types": "^6.0.3",
        "deprecation": "^2.0.0",
        "once": "^1.4.0"
      },
      "engines": {
        "node": ">= 14"
      }
    },
    "node_modules/@octokit/types": {
      "version": "6.41.0",
      "resolved": "http://nexus.dtup.sa.gov.au:8083/nexus/content/groups/npmjs-all/@octokit/types/-/types-6.41.0.tgz",
      "integrity": "sha512-eJ2jbzjdijiL3B4PrSQaSjuF2sPEQPVCPzBvTHJD9Nz+9dw2SGH4K4xeQJ77YfTq5bRQ+bD8wT11JbeDPmxmGg==",
      "license": "MIT",
      "dependencies": {
        "@octokit/openapi-types": "^12.11.0"
      }
    },
    "node_modules/@octokit/webhooks": {
      "version": "10.0.9",
      "resolved": "http://nexus.dtup.sa.gov.au:8083/nexus/content/groups/npmjs-all/@octokit/webhooks/-/webhooks-10.0.9.tgz",
      "integrity": "sha512-KcUWo8HnZ7QOjYGUNYkNpd7TSj8Ck0Q1FzEeMyiMQg52K2sv/Lc/rfW2iJQLxpSrDhXfFTVQ75S10YjWdIj4kA==",
      "license": "MIT",
      "dependencies": {
        "@octokit/request-error": "^3.0.0",
        "@octokit/webhooks-methods": "^3.0.0",
        "@octokit/webhooks-types": "6.2.4",
        "aggregate-error": "^3.1.0"
      },
      "engines": {
        "node": ">= 14"
      }
    },
    "node_modules/@octokit/webhooks-methods": {
      "version": "3.0.0",
      "resolved": "http://nexus.dtup.sa.gov.au:8083/nexus/content/groups/npmjs-all/@octokit/webhooks-methods/-/webhooks-methods-3.0.0.tgz",
      "integrity": "sha512-FAIyAchH9JUKXugKMC17ERAXM/56vVJekwXOON46pmUDYfU7uXB4cFY8yc8nYr5ABqVI7KjRKfFt3mZF7OcyUA==",
      "license": "MIT",
      "engines": {
        "node": ">= 14"
      }
    },
    "node_modules/@octokit/webhooks-types": {
      "version": "6.2.4",
      "resolved": "http://nexus.dtup.sa.gov.au:8083/nexus/content/groups/npmjs-all/@octokit/webhooks-types/-/webhooks-types-6.2.4.tgz",
      "integrity": "sha512-MlumL1ClswnrebjNWmUFiHjEqpRl2T3Eh6j6R9mP2SNK7SjYw4tXGeCKHOyZiNpLjc5/1+P39BxwLN28zNn8iQ==",
      "license": "MIT"
    },
    "node_modules/aggregate-error": {
      "version": "3.1.0",
      "resolved": "http://nexus.dtup.sa.gov.au:8083/nexus/content/groups/npmjs-all/aggregate-error/-/aggregate-error-3.1.0.tgz",
      "integrity": "sha512-4I7Td01quW/RpocfNayFdFVk1qSuoh0E7JrbRJ16nH01HhKFQ88INq9Sd+nd72zqRySlr9BmDA8xlEJ6vJMrYA==",
      "license": "MIT",
      "dependencies": {
        "clean-stack": "^2.0.0",
        "indent-string": "^4.0.0"
      },
      "engines": {
        "node": ">=8"
      }
    },
    "node_modules/clean-stack": {
      "version": "2.2.0",
      "resolved": "http://nexus.dtup.sa.gov.au:8083/nexus/content/groups/npmjs-all/clean-stack/-/clean-stack-2.2.0.tgz",
      "integrity": "sha512-4diC9HaTE+KRAMWhDhrGOECgWZxoevMc5TlkObMqNSsVU62PYzXZ/SMTjzyGAFF1YusgxGcSWTEXBhp0CPwQ1A==",
      "license": "MIT",
      "engines": {
        "node": ">=6"
      }
    },
    "node_modules/config": {
      "version": "3.3.7",
      "resolved": "http://nexus.dtup.sa.gov.au:8083/nexus/content/groups/npmjs-all/config/-/config-3.3.7.tgz",
      "integrity": "sha512-mX/n7GKDYZMqvvkY6e6oBY49W8wxdmQt+ho/5lhwFDXqQW9gI+Ahp8EKp8VAbISPnmf2+Bv5uZK7lKXZ6pf1aA==",
      "license": "MIT",
      "dependencies": {
        "json5": "^2.1.1"
      },
      "engines": {
        "node": ">= 10.0.0"
      }
    },
    "node_modules/deprecation": {
      "version": "2.3.1",
      "resolved": "http://nexus.dtup.sa.gov.au:8083/nexus/content/groups/npmjs-all/deprecation/-/deprecation-2.3.1.tgz",
      "integrity": "sha512-xmHIy4F3scKVwMsQ4WnVaS8bHOx0DmVwRywosKhaILI0ywMDWPtBSku2HNxRvF7jtwDRsoEwYQSfbxj8b7RlJQ==",
      "license": "ISC"
    },
    "node_modules/indent-string": {
      "version": "4.0.0",
      "resolved": "http://nexus.dtup.sa.gov.au:8083/nexus/content/groups/npmjs-all/indent-string/-/indent-string-4.0.0.tgz",
      "integrity": "sha512-EdDDZu4A2OyIK7Lr/2zG+w5jmbuk1DVBnEwREQvBzspBJkCEbRa8GxU1lghYcaGJCnRWibjDXlq779X1/y5xwg==",
      "license": "MIT",
      "engines": {
        "node": ">=8"
      }
    },
    "node_modules/json5": {
      "version": "2.2.1",
      "resolved": "http://nexus.dtup.sa.gov.au:8083/nexus/content/groups/npmjs-all/json5/-/json5-2.2.1.tgz",
      "integrity": "sha512-1hqLFMSrGHRHxav9q9gNjJ5EXznIxGVO09xQRrwplcS8qs28pZ8s8hupZAmqDwZUmVZ2Qb2jnyPOWcDH8m8dlA==",
      "license": "MIT",
      "bin": {
        "json5": "lib/cli.js"
      },
      "engines": {
        "node": ">=6"
      }
    },
    "node_modules/once": {
      "version": "1.4.0",
      "resolved": "http://nexus.dtup.sa.gov.au:8083/nexus/content/groups/npmjs-all/once/-/once-1.4.0.tgz",
      "integrity": "sha512-lNaJgI+2Q5URQBkccEKHTQOPaXdUxnZZElQTZY0MFUAuaEqe1E+Nyvgdz/aIyNi6Z9MzO5dv1H8n58/GELp3+w==",
      "license": "ISC",
      "dependencies": {
        "wrappy": "1"
      }
    },
    "node_modules/properties": {
      "version": "1.2.1",
      "resolved": "http://nexus.dtup.sa.gov.au:8083/nexus/content/groups/npmjs-all/properties/-/properties-1.2.1.tgz",
      "integrity": "sha512-qYNxyMj1JeW54i/EWEFsM1cVwxJbtgPp8+0Wg9XjNaK6VE/c4oRi6PNu5p7w1mNXEIQIjV5Wwn8v8Gz82/QzdQ==",
      "license": "MIT",
      "engines": {
        "node": ">=0.10"
      }
    },
    "node_modules/wrappy": {
      "version": "1.0.2",
      "resolved": "http://nexus.dtup.sa.gov.au:8083/nexus/content/groups/npmjs-all/wrappy/-/wrappy-1.0.2.tgz",
      "integrity": "sha512-l4Sp/DRseor9wL6EvV2+TuQn63dMkPjZ/sp9XkghTEbV9KlPS1xUsZ3u7/IQO4wxtcFB4bgpQPRcR3QCvezPcQ==",
      "license": "ISC"
    }
  },
  "dependencies": {
    "@octokit/openapi-types": {
      "version": "12.11.0",
      "resolved": "http://nexus.dtup.sa.gov.au:8083/nexus/content/groups/npmjs-all/@octokit/openapi-types/-/openapi-types-12.11.0.tgz",
      "integrity": "sha512-VsXyi8peyRq9PqIz/tpqiL2w3w80OgVMwBHltTml3LmVvXiphgeqmY9mvBw9Wu7e0QWk/fqD37ux8yP5uVekyQ=="
    },
    "@octokit/request-error": {
      "version": "3.0.0",
      "resolved": "http://nexus.dtup.sa.gov.au:8083/nexus/content/groups/npmjs-all/@octokit/request-error/-/request-error-3.0.0.tgz",
      "integrity": "sha512-WBtpzm9lR8z4IHIMtOqr6XwfkGvMOOILNLxsWvDwtzm/n7f5AWuqJTXQXdDtOvPfTDrH4TPhEvW2qMlR4JFA2w==",
      "requires": {
        "@octokit/types": "^6.0.3",
        "deprecation": "^2.0.0",
        "once": "^1.4.0"
      }
    },
    "@octokit/types": {
      "version": "6.41.0",
      "resolved": "http://nexus.dtup.sa.gov.au:8083/nexus/content/groups/npmjs-all/@octokit/types/-/types-6.41.0.tgz",
      "integrity": "sha512-eJ2jbzjdijiL3B4PrSQaSjuF2sPEQPVCPzBvTHJD9Nz+9dw2SGH4K4xeQJ77YfTq5bRQ+bD8wT11JbeDPmxmGg==",
      "requires": {
        "@octokit/openapi-types": "^12.11.0"
      }
    },
    "@octokit/webhooks": {
      "version": "10.0.9",
      "resolved": "http://nexus.dtup.sa.gov.au:8083/nexus/content/groups/npmjs-all/@octokit/webhooks/-/webhooks-10.0.9.tgz",
      "integrity": "sha512-KcUWo8HnZ7QOjYGUNYkNpd7TSj8Ck0Q1FzEeMyiMQg52K2sv/Lc/rfW2iJQLxpSrDhXfFTVQ75S10YjWdIj4kA==",
      "requires": {
        "@octokit/request-error": "^3.0.0",
        "@octokit/webhooks-methods": "^3.0.0",
        "@octokit/webhooks-types": "6.2.4",
        "aggregate-error": "^3.1.0"
      }
    },
    "@octokit/webhooks-methods": {
      "version": "3.0.0",
      "resolved": "http://nexus.dtup.sa.gov.au:8083/nexus/content/groups/npmjs-all/@octokit/webhooks-methods/-/webhooks-methods-3.0.0.tgz",
      "integrity": "sha512-FAIyAchH9JUKXugKMC17ERAXM/56vVJekwXOON46pmUDYfU7uXB4cFY8yc8nYr5ABqVI7KjRKfFt3mZF7OcyUA=="
    },
    "@octokit/webhooks-types": {
      "version": "6.2.4",
      "resolved": "http://nexus.dtup.sa.gov.au:8083/nexus/content/groups/npmjs-all/@octokit/webhooks-types/-/webhooks-types-6.2.4.tgz",
      "integrity": "sha512-MlumL1ClswnrebjNWmUFiHjEqpRl2T3Eh6j6R9mP2SNK7SjYw4tXGeCKHOyZiNpLjc5/1+P39BxwLN28zNn8iQ=="
    },
    "aggregate-error": {
      "version": "3.1.0",
      "resolved": "http://nexus.dtup.sa.gov.au:8083/nexus/content/groups/npmjs-all/aggregate-error/-/aggregate-error-3.1.0.tgz",
      "integrity": "sha512-4I7Td01quW/RpocfNayFdFVk1qSuoh0E7JrbRJ16nH01HhKFQ88INq9Sd+nd72zqRySlr9BmDA8xlEJ6vJMrYA==",
      "requires": {
        "clean-stack": "^2.0.0",
        "indent-string": "^4.0.0"
      }
    },
    "clean-stack": {
      "version": "2.2.0",
      "resolved": "http://nexus.dtup.sa.gov.au:8083/nexus/content/groups/npmjs-all/clean-stack/-/clean-stack-2.2.0.tgz",
      "integrity": "sha512-4diC9HaTE+KRAMWhDhrGOECgWZxoevMc5TlkObMqNSsVU62PYzXZ/SMTjzyGAFF1YusgxGcSWTEXBhp0CPwQ1A=="
    },
    "config": {
      "version": "3.3.7",
      "resolved": "http://nexus.dtup.sa.gov.au:8083/nexus/content/groups/npmjs-all/config/-/config-3.3.7.tgz",
      "integrity": "sha512-mX/n7GKDYZMqvvkY6e6oBY49W8wxdmQt+ho/5lhwFDXqQW9gI+Ahp8EKp8VAbISPnmf2+Bv5uZK7lKXZ6pf1aA==",
      "requires": {
        "json5": "^2.1.1"
      }
    },
    "deprecation": {
      "version": "2.3.1",
      "resolved": "http://nexus.dtup.sa.gov.au:8083/nexus/content/groups/npmjs-all/deprecation/-/deprecation-2.3.1.tgz",
      "integrity": "sha512-xmHIy4F3scKVwMsQ4WnVaS8bHOx0DmVwRywosKhaILI0ywMDWPtBSku2HNxRvF7jtwDRsoEwYQSfbxj8b7RlJQ=="
    },
    "indent-string": {
      "version": "4.0.0",
      "resolved": "http://nexus.dtup.sa.gov.au:8083/nexus/content/groups/npmjs-all/indent-string/-/indent-string-4.0.0.tgz",
      "integrity": "sha512-EdDDZu4A2OyIK7Lr/2zG+w5jmbuk1DVBnEwREQvBzspBJkCEbRa8GxU1lghYcaGJCnRWibjDXlq779X1/y5xwg=="
    },
    "json5": {
      "version": "2.2.1",
      "resolved": "http://nexus.dtup.sa.gov.au:8083/nexus/content/groups/npmjs-all/json5/-/json5-2.2.1.tgz",
      "integrity": "sha512-1hqLFMSrGHRHxav9q9gNjJ5EXznIxGVO09xQRrwplcS8qs28pZ8s8hupZAmqDwZUmVZ2Qb2jnyPOWcDH8m8dlA=="
    },
    "once": {
      "version": "1.4.0",
      "resolved": "http://nexus.dtup.sa.gov.au:8083/nexus/content/groups/npmjs-all/once/-/once-1.4.0.tgz",
      "integrity": "sha512-lNaJgI+2Q5URQBkccEKHTQOPaXdUxnZZElQTZY0MFUAuaEqe1E+Nyvgdz/aIyNi6Z9MzO5dv1H8n58/GELp3+w==",
      "requires": {
        "wrappy": "1"
      }
    },
    "properties": {
      "version": "1.2.1",
      "resolved": "http://nexus.dtup.sa.gov.au:8083/nexus/content/groups/npmjs-all/properties/-/properties-1.2.1.tgz",
      "integrity": "sha512-qYNxyMj1JeW54i/EWEFsM1cVwxJbtgPp8+0Wg9XjNaK6VE/c4oRi6PNu5p7w1mNXEIQIjV5Wwn8v8Gz82/QzdQ=="
    },
    "wrappy": {
      "version": "1.0.2",
      "resolved": "http://nexus.dtup.sa.gov.au:8083/nexus/content/groups/npmjs-all/wrappy/-/wrappy-1.0.2.tgz",
      "integrity": "sha512-l4Sp/DRseor9wL6EvV2+TuQn63dMkPjZ/sp9XkghTEbV9KlPS1xUsZ3u7/IQO4wxtcFB4bgpQPRcR3QCvezPcQ=="
    }
  }
}
